// !$*UTF8*$!
{
	archiveVersion = 1;
	classes = {
	};
	objectVersion = 52;
	objects = {

/* Begin PBXBuildFile section */
		D733E5CB268052A100B0928E /* DrinkMO+CoreDataClass.swift in Sources */ = {isa = PBXBuildFile; fileRef = D733E5C9268052A100B0928E /* DrinkMO+CoreDataClass.swift */; };
		D733E5CC268052A100B0928E /* DrinkMO+CoreDataProperties.swift in Sources */ = {isa = PBXBuildFile; fileRef = D733E5CA268052A100B0928E /* DrinkMO+CoreDataProperties.swift */; };
		D746F8D82660D1C4003982CF /* DrinkTableViewCell.xib in Resources */ = {isa = PBXBuildFile; fileRef = D746F8D72660D1C4003982CF /* DrinkTableViewCell.xib */; };
		D746F8DA2660D26D003982CF /* UITableViewCell+Extension.swift in Sources */ = {isa = PBXBuildFile; fileRef = D746F8D92660D26D003982CF /* UITableViewCell+Extension.swift */; };
		D7567A772665D69C0069547E /* FavoritesView.swift in Sources */ = {isa = PBXBuildFile; fileRef = D7567A762665D69C0069547E /* FavoritesView.swift */; };
		D7567A7A2665DC400069547E /* SearchView.swift in Sources */ = {isa = PBXBuildFile; fileRef = D7567A792665DC400069547E /* SearchView.swift */; };
		D7567A7E2665E9370069547E /* CategoriesView.swift in Sources */ = {isa = PBXBuildFile; fileRef = D7567A7D2665E9370069547E /* CategoriesView.swift */; };
		D7567A802665EC670069547E /* SearchBar.swift in Sources */ = {isa = PBXBuildFile; fileRef = D7567A7F2665EC670069547E /* SearchBar.swift */; };
		D7567A812665ECE70069547E /* Assets.xcassets in Resources */ = {isa = PBXBuildFile; fileRef = D7A4C55326603CCF004F476D /* Assets.xcassets */; };
		D784EF27267C25BA00B4E9AF /* InMemoryRepository.swift in Sources */ = {isa = PBXBuildFile; fileRef = D784EF26267C25BA00B4E9AF /* InMemoryRepository.swift */; };
		D784EF29267C32D700B4E9AF /* LoadingViewController.swift in Sources */ = {isa = PBXBuildFile; fileRef = D784EF28267C32D700B4E9AF /* LoadingViewController.swift */; };
		D79A35D72677229B0069B68B /* Repository.swift in Sources */ = {isa = PBXBuildFile; fileRef = D79A35D62677229B0069B68B /* Repository.swift */; };
		D79A35DA267726000069B68B /* Realm in Frameworks */ = {isa = PBXBuildFile; productRef = D79A35D9267726000069B68B /* Realm */; };
		D79A35DC267726000069B68B /* RealmSwift in Frameworks */ = {isa = PBXBuildFile; productRef = D79A35DB267726000069B68B /* RealmSwift */; };
		D79A35DE267726380069B68B /* RealmRepository.swift in Sources */ = {isa = PBXBuildFile; fileRef = D79A35DD267726380069B68B /* RealmRepository.swift */; };
		D79A35E0267726440069B68B /* CoreDataRepository.swift in Sources */ = {isa = PBXBuildFile; fileRef = D79A35DF267726440069B68B /* CoreDataRepository.swift */; };
		D7A4C54B26603CCA004F476D /* AppDelegate.swift in Sources */ = {isa = PBXBuildFile; fileRef = D7A4C54A26603CCA004F476D /* AppDelegate.swift */; };
		D7A4C54F26603CCA004F476D /* ViewController.swift in Sources */ = {isa = PBXBuildFile; fileRef = D7A4C54E26603CCA004F476D /* ViewController.swift */; };
		D7A4C55226603CCA004F476D /* Main.storyboard in Resources */ = {isa = PBXBuildFile; fileRef = D7A4C55026603CCA004F476D /* Main.storyboard */; };
		D7A4C55426603CCF004F476D /* Assets.xcassets in Resources */ = {isa = PBXBuildFile; fileRef = D7A4C55326603CCF004F476D /* Assets.xcassets */; };
		D7A4C55726603CCF004F476D /* LaunchScreen.storyboard in Resources */ = {isa = PBXBuildFile; fileRef = D7A4C55526603CCF004F476D /* LaunchScreen.storyboard */; };
		D7A4C56126603CF5004F476D /* TabBarInteractor.swift in Sources */ = {isa = PBXBuildFile; fileRef = D7A4C56026603CF5004F476D /* TabBarInteractor.swift */; };
		D7A4C56326603CFF004F476D /* TabBarPresenter.swift in Sources */ = {isa = PBXBuildFile; fileRef = D7A4C56226603CFF004F476D /* TabBarPresenter.swift */; };
		D7A4C56626603D18004F476D /* SearchViewController.swift in Sources */ = {isa = PBXBuildFile; fileRef = D7A4C56526603D18004F476D /* SearchViewController.swift */; };
		D7A4C56826603D7B004F476D /* TabBarController.swift in Sources */ = {isa = PBXBuildFile; fileRef = D7A4C56726603D7B004F476D /* TabBarController.swift */; };
		D7A4C56A26604779004F476D /* TabBarRouter.swift in Sources */ = {isa = PBXBuildFile; fileRef = D7A4C56926604779004F476D /* TabBarRouter.swift */; };
		D7A4C56C26604E88004F476D /* SearchRouter.swift in Sources */ = {isa = PBXBuildFile; fileRef = D7A4C56B26604E88004F476D /* SearchRouter.swift */; };
		D7A4C56E26605A3C004F476D /* SceneDelegate.swift in Sources */ = {isa = PBXBuildFile; fileRef = D7A4C56D26605A3C004F476D /* SceneDelegate.swift */; };
		D7A4C57026605EB8004F476D /* TabBarProtocols.swift in Sources */ = {isa = PBXBuildFile; fileRef = D7A4C56F26605EB8004F476D /* TabBarProtocols.swift */; };
		D7A4C572266063D6004F476D /* SearchInteractor.swift in Sources */ = {isa = PBXBuildFile; fileRef = D7A4C571266063D5004F476D /* SearchInteractor.swift */; };
		D7A4C574266063E0004F476D /* SearchPresenter.swift in Sources */ = {isa = PBXBuildFile; fileRef = D7A4C573266063E0004F476D /* SearchPresenter.swift */; };
		D7A4C576266063EE004F476D /* SearchProtocols.swift in Sources */ = {isa = PBXBuildFile; fileRef = D7A4C575266063EE004F476D /* SearchProtocols.swift */; };
		D7A4C579266076E0004F476D /* UIViewController+Extension.swift in Sources */ = {isa = PBXBuildFile; fileRef = D7A4C578266076E0004F476D /* UIViewController+Extension.swift */; };
		D7A4C5822660785D004F476D /* NetworkingError.swift in Sources */ = {isa = PBXBuildFile; fileRef = D7A4C57C2660785D004F476D /* NetworkingError.swift */; };
		D7A4C5832660785D004F476D /* Result.swift in Sources */ = {isa = PBXBuildFile; fileRef = D7A4C57D2660785D004F476D /* Result.swift */; };
		D7A4C5842660785D004F476D /* NetworkManager.swift in Sources */ = {isa = PBXBuildFile; fileRef = D7A4C57E2660785D004F476D /* NetworkManager.swift */; };
		D7A4C5852660785D004F476D /* HTTPMethod.swift in Sources */ = {isa = PBXBuildFile; fileRef = D7A4C57F2660785D004F476D /* HTTPMethod.swift */; };
		D7A4C5862660785D004F476D /* RequestProtocol.swift in Sources */ = {isa = PBXBuildFile; fileRef = D7A4C5802660785D004F476D /* RequestProtocol.swift */; };
		D7A4C588266078F1004F476D /* SearchEntity.swift in Sources */ = {isa = PBXBuildFile; fileRef = D7A4C587266078F1004F476D /* SearchEntity.swift */; };
		D7A4C58A26607A43004F476D /* RecipeRequest.swift in Sources */ = {isa = PBXBuildFile; fileRef = D7A4C58926607A43004F476D /* RecipeRequest.swift */; };
		D7A4C58C2660901D004F476D /* DrinkTableViewCell.swift in Sources */ = {isa = PBXBuildFile; fileRef = D7A4C58B2660901D004F476D /* DrinkTableViewCell.swift */; };
		D7A4C5992660A552004F476D /* CategoryListViewController.swift in Sources */ = {isa = PBXBuildFile; fileRef = D7A4C5982660A552004F476D /* CategoryListViewController.swift */; };
		D7A4C59B2660A5B1004F476D /* CategoryListPresenter.swift in Sources */ = {isa = PBXBuildFile; fileRef = D7A4C59A2660A5B1004F476D /* CategoryListPresenter.swift */; };
		D7A4C59D2660A5C4004F476D /* CategoryListRouter.swift in Sources */ = {isa = PBXBuildFile; fileRef = D7A4C59C2660A5C4004F476D /* CategoryListRouter.swift */; };
		D7A4C59F2660A5D7004F476D /* CategoryListInteractor.swift in Sources */ = {isa = PBXBuildFile; fileRef = D7A4C59E2660A5D7004F476D /* CategoryListInteractor.swift */; };
		D7A4C5A12660A5E6004F476D /* CategoryEntity.swift in Sources */ = {isa = PBXBuildFile; fileRef = D7A4C5A02660A5E6004F476D /* CategoryEntity.swift */; };
		D7A4C5A32660A777004F476D /* CategoryListProtocols.swift in Sources */ = {isa = PBXBuildFile; fileRef = D7A4C5A22660A777004F476D /* CategoryListProtocols.swift */; };
		D7A4C5A62660B115004F476D /* Bluring.swift in Sources */ = {isa = PBXBuildFile; fileRef = D7A4C5A52660B115004F476D /* Bluring.swift */; };
		D7A4C5A82660B1C3004F476D /* CategoryTableViewCell.swift in Sources */ = {isa = PBXBuildFile; fileRef = D7A4C5A72660B1C3004F476D /* CategoryTableViewCell.swift */; };
		D7A4C5AA2660B400004F476D /* String+Extension.swift in Sources */ = {isa = PBXBuildFile; fileRef = D7A4C5A92660B400004F476D /* String+Extension.swift */; };
		D7A4C5B12660C73C004F476D /* CategoryDetailInteractor.swift in Sources */ = {isa = PBXBuildFile; fileRef = D7A4C5AC2660C73C004F476D /* CategoryDetailInteractor.swift */; };
		D7A4C5B22660C73C004F476D /* CategoryDetailViewController.swift in Sources */ = {isa = PBXBuildFile; fileRef = D7A4C5AD2660C73C004F476D /* CategoryDetailViewController.swift */; };
		D7A4C5B32660C73C004F476D /* CategoryDetailProtocols.swift in Sources */ = {isa = PBXBuildFile; fileRef = D7A4C5AE2660C73C004F476D /* CategoryDetailProtocols.swift */; };
		D7A4C5B42660C73C004F476D /* CategoryDetailRouter.swift in Sources */ = {isa = PBXBuildFile; fileRef = D7A4C5AF2660C73C004F476D /* CategoryDetailRouter.swift */; };
		D7A4C5B52660C73C004F476D /* CategoryDetailPresenter.swift in Sources */ = {isa = PBXBuildFile; fileRef = D7A4C5B02660C73C004F476D /* CategoryDetailPresenter.swift */; };
		D7A6DAB326798C8F00A2DBC4 /* CoreDataModel.xcdatamodeld in Sources */ = {isa = PBXBuildFile; fileRef = D7A6DAB126798C8F00A2DBC4 /* CoreDataModel.xcdatamodeld */; };
		D7A6DAB72679B24800A2DBC4 /* CoreDataManager.swift in Sources */ = {isa = PBXBuildFile; fileRef = D7A6DAB62679B24800A2DBC4 /* CoreDataManager.swift */; };
		D7A6DABC2679C94A00A2DBC4 /* FavoritesViewController.swift in Sources */ = {isa = PBXBuildFile; fileRef = D7A6DABB2679C94A00A2DBC4 /* FavoritesViewController.swift */; };
		D7A6DABE2679C95B00A2DBC4 /* FavoritesRouter.swift in Sources */ = {isa = PBXBuildFile; fileRef = D7A6DABD2679C95B00A2DBC4 /* FavoritesRouter.swift */; };
		D7A6DAC02679C96600A2DBC4 /* FavoritesProtocols.swift in Sources */ = {isa = PBXBuildFile; fileRef = D7A6DABF2679C96600A2DBC4 /* FavoritesProtocols.swift */; };
		D7A6DAC22679C97500A2DBC4 /* FavoritesPresenter.swift in Sources */ = {isa = PBXBuildFile; fileRef = D7A6DAC12679C97500A2DBC4 /* FavoritesPresenter.swift */; };
		D7A6DAC42679C97F00A2DBC4 /* FavoritesInteractor.swift in Sources */ = {isa = PBXBuildFile; fileRef = D7A6DAC32679C97F00A2DBC4 /* FavoritesInteractor.swift */; };
		D7B7C7CB266DB2AF00601FA1 /* ErrorView.swift in Sources */ = {isa = PBXBuildFile; fileRef = D7B7C7CA266DB2AF00601FA1 /* ErrorView.swift */; };
		D7B7C7CD266DB52000601FA1 /* StartSearchView.swift in Sources */ = {isa = PBXBuildFile; fileRef = D7B7C7CC266DB52000601FA1 /* StartSearchView.swift */; };
		D7B7C7CF266DE1D300601FA1 /* RecipeView.swift in Sources */ = {isa = PBXBuildFile; fileRef = D7B7C7CE266DE1D300601FA1 /* RecipeView.swift */; };
		D7B7C7D1266DE1E800601FA1 /* RecipeViewModel.swift in Sources */ = {isa = PBXBuildFile; fileRef = D7B7C7D0266DE1E800601FA1 /* RecipeViewModel.swift */; };
		D7B7C7D3266DECD900601FA1 /* RecipeService.swift in Sources */ = {isa = PBXBuildFile; fileRef = D7B7C7D2266DECD900601FA1 /* RecipeService.swift */; };
		D7BA7DF22668627000728137 /* View+Extension.swift in Sources */ = {isa = PBXBuildFile; fileRef = D7BA7DF12668627000728137 /* View+Extension.swift */; };
		D7BA7DF4266862D900728137 /* CategoryDetailViewModel.swift in Sources */ = {isa = PBXBuildFile; fileRef = D7BA7DF3266862D900728137 /* CategoryDetailViewModel.swift */; };
		D7BA7DFA26686E0D00728137 /* NetworkAPI.swift in Sources */ = {isa = PBXBuildFile; fileRef = D7BA7DF926686E0D00728137 /* NetworkAPI.swift */; };
		D7BA7DFC2668710500728137 /* Agent.swift in Sources */ = {isa = PBXBuildFile; fileRef = D7BA7DFB2668710500728137 /* Agent.swift */; };
		D7BA7E012668815100728137 /* CategoryListService.swift in Sources */ = {isa = PBXBuildFile; fileRef = D7BA7E002668815100728137 /* CategoryListService.swift */; };
		D7BA7E052668962D00728137 /* System.swift in Sources */ = {isa = PBXBuildFile; fileRef = D7BA7E032668962D00728137 /* System.swift */; };
		D7BA7E062668962D00728137 /* Feedback.swift in Sources */ = {isa = PBXBuildFile; fileRef = D7BA7E042668962D00728137 /* Feedback.swift */; };
		D7BA7E0826689DD600728137 /* CategoryDetailService.swift in Sources */ = {isa = PBXBuildFile; fileRef = D7BA7E0726689DD600728137 /* CategoryDetailService.swift */; };
		D7BA7E0A2668A17B00728137 /* CategoryDetailView.swift in Sources */ = {isa = PBXBuildFile; fileRef = D7BA7E092668A17B00728137 /* CategoryDetailView.swift */; };
		D7BA7E0C2668A42C00728137 /* String+Extension.swift in Sources */ = {isa = PBXBuildFile; fileRef = D7BA7E0B2668A42C00728137 /* String+Extension.swift */; };
		D7BA7E0F2668AB9300728137 /* ImageLoader in Frameworks */ = {isa = PBXBuildFile; productRef = D7BA7E0E2668AB9300728137 /* ImageLoader */; };
		D7BA7E112668AF5600728137 /* SearchListViewModel.swift in Sources */ = {isa = PBXBuildFile; fileRef = D7BA7E102668AF5600728137 /* SearchListViewModel.swift */; };
		D7BA7E132668B14C00728137 /* SearchService.swift in Sources */ = {isa = PBXBuildFile; fileRef = D7BA7E122668B14C00728137 /* SearchService.swift */; };
		D7BD78652664475400C13AFA /* RecipeViewController.swift in Sources */ = {isa = PBXBuildFile; fileRef = D7BD78642664475400C13AFA /* RecipeViewController.swift */; };
		D7BD78672664476400C13AFA /* RecipeProtocols.swift in Sources */ = {isa = PBXBuildFile; fileRef = D7BD78662664476400C13AFA /* RecipeProtocols.swift */; };
		D7BD78692664477200C13AFA /* RecipeRouter.swift in Sources */ = {isa = PBXBuildFile; fileRef = D7BD78682664477200C13AFA /* RecipeRouter.swift */; };
		D7BD786B2664477B00C13AFA /* RecipePresenter.swift in Sources */ = {isa = PBXBuildFile; fileRef = D7BD786A2664477B00C13AFA /* RecipePresenter.swift */; };
		D7BD786D2664478300C13AFA /* RecipeInteractor.swift in Sources */ = {isa = PBXBuildFile; fileRef = D7BD786C2664478300C13AFA /* RecipeInteractor.swift */; };
		D7BFEC132678420C00F9F9C9 /* RDrink.swift in Sources */ = {isa = PBXBuildFile; fileRef = D7BFEC122678420C00F9F9C9 /* RDrink.swift */; };
		D7BFEC1526784BD700F9F9C9 /* UserDefaultsRepository.swift in Sources */ = {isa = PBXBuildFile; fileRef = D7BFEC1426784BD700F9F9C9 /* UserDefaultsRepository.swift */; };
		D7BFEC1726784BF600F9F9C9 /* UDDrink.swift in Sources */ = {isa = PBXBuildFile; fileRef = D7BFEC1626784BF600F9F9C9 /* UDDrink.swift */; };
		D7BFEC1926786D6500F9F9C9 /* LocalRepository.swift in Sources */ = {isa = PBXBuildFile; fileRef = D7BFEC1826786D6500F9F9C9 /* LocalRepository.swift */; };
		D7C456B92667132200E1DE6F /* DrinkCell.swift in Sources */ = {isa = PBXBuildFile; fileRef = D7C456B82667132200E1DE6F /* DrinkCell.swift */; };
		D7C456BD2667291800E1DE6F /* ActivityIndicator.swift in Sources */ = {isa = PBXBuildFile; fileRef = D7C456BC2667291800E1DE6F /* ActivityIndicator.swift */; };
		D7C456C026672EF500E1DE6F /* CategoryListViewModel.swift in Sources */ = {isa = PBXBuildFile; fileRef = D7C456BF26672EF500E1DE6F /* CategoryListViewModel.swift */; };
		D7C456C32667313A00E1DE6F /* Drink.swift in Sources */ = {isa = PBXBuildFile; fileRef = D7C456C22667313A00E1DE6F /* Drink.swift */; };
		D7C456C52667316900E1DE6F /* Category.swift in Sources */ = {isa = PBXBuildFile; fileRef = D7C456C42667316900E1DE6F /* Category.swift */; };
		D7EEE06E266ED2A4001CA324 /* WebView.swift in Sources */ = {isa = PBXBuildFile; fileRef = D7EEE06D266ED2A4001CA324 /* WebView.swift */; };
		D7EEE076266F09C3001CA324 /* AppDelegate.swift in Sources */ = {isa = PBXBuildFile; fileRef = D7EEE075266F09C3001CA324 /* AppDelegate.swift */; };
		D7EEE078266F09C3001CA324 /* SceneDelegate.swift in Sources */ = {isa = PBXBuildFile; fileRef = D7EEE077266F09C3001CA324 /* SceneDelegate.swift */; };
		D7EEE07A266F09C3001CA324 /* ViewController.swift in Sources */ = {isa = PBXBuildFile; fileRef = D7EEE079266F09C3001CA324 /* ViewController.swift */; };
		D7EEE07D266F09C3001CA324 /* Main.storyboard in Resources */ = {isa = PBXBuildFile; fileRef = D7EEE07B266F09C3001CA324 /* Main.storyboard */; };
		D7EEE07F266F09C6001CA324 /* Assets.xcassets in Resources */ = {isa = PBXBuildFile; fileRef = D7EEE07E266F09C6001CA324 /* Assets.xcassets */; };
		D7EEE082266F09C6001CA324 /* LaunchScreen.storyboard in Resources */ = {isa = PBXBuildFile; fileRef = D7EEE080266F09C6001CA324 /* LaunchScreen.storyboard */; };
		D7F0A77C2664C2DC001C27F8 /* DemoApp.swift in Sources */ = {isa = PBXBuildFile; fileRef = D7F0A77B2664C2DC001C27F8 /* DemoApp.swift */; };
		D7F0A77E2664C2DC001C27F8 /* ContentView.swift in Sources */ = {isa = PBXBuildFile; fileRef = D7F0A77D2664C2DC001C27F8 /* ContentView.swift */; };
		D7F0A7832664C2DD001C27F8 /* Preview Assets.xcassets in Resources */ = {isa = PBXBuildFile; fileRef = D7F0A7822664C2DD001C27F8 /* Preview Assets.xcassets */; };
/* End PBXBuildFile section */

/* Begin PBXFileReference section */
		D733E5C9268052A100B0928E /* DrinkMO+CoreDataClass.swift */ = {isa = PBXFileReference; lastKnownFileType = sourcecode.swift; path = "DrinkMO+CoreDataClass.swift"; sourceTree = "<group>"; };
		D733E5CA268052A100B0928E /* DrinkMO+CoreDataProperties.swift */ = {isa = PBXFileReference; lastKnownFileType = sourcecode.swift; path = "DrinkMO+CoreDataProperties.swift"; sourceTree = "<group>"; };
		D746F8D72660D1C4003982CF /* DrinkTableViewCell.xib */ = {isa = PBXFileReference; lastKnownFileType = file.xib; path = DrinkTableViewCell.xib; sourceTree = "<group>"; };
		D746F8D92660D26D003982CF /* UITableViewCell+Extension.swift */ = {isa = PBXFileReference; lastKnownFileType = sourcecode.swift; path = "UITableViewCell+Extension.swift"; sourceTree = "<group>"; };
		D7567A762665D69C0069547E /* FavoritesView.swift */ = {isa = PBXFileReference; lastKnownFileType = sourcecode.swift; path = FavoritesView.swift; sourceTree = "<group>"; };
		D7567A792665DC400069547E /* SearchView.swift */ = {isa = PBXFileReference; lastKnownFileType = sourcecode.swift; path = SearchView.swift; sourceTree = "<group>"; };
		D7567A7D2665E9370069547E /* CategoriesView.swift */ = {isa = PBXFileReference; lastKnownFileType = sourcecode.swift; path = CategoriesView.swift; sourceTree = "<group>"; };
		D7567A7F2665EC670069547E /* SearchBar.swift */ = {isa = PBXFileReference; lastKnownFileType = sourcecode.swift; path = SearchBar.swift; sourceTree = "<group>"; };
		D784EF26267C25BA00B4E9AF /* InMemoryRepository.swift */ = {isa = PBXFileReference; lastKnownFileType = sourcecode.swift; path = InMemoryRepository.swift; sourceTree = "<group>"; };
		D784EF28267C32D700B4E9AF /* LoadingViewController.swift */ = {isa = PBXFileReference; lastKnownFileType = sourcecode.swift; path = LoadingViewController.swift; sourceTree = "<group>"; };
		D79A35D62677229B0069B68B /* Repository.swift */ = {isa = PBXFileReference; lastKnownFileType = sourcecode.swift; path = Repository.swift; sourceTree = "<group>"; };
		D79A35DD267726380069B68B /* RealmRepository.swift */ = {isa = PBXFileReference; lastKnownFileType = sourcecode.swift; path = RealmRepository.swift; sourceTree = "<group>"; };
		D79A35DF267726440069B68B /* CoreDataRepository.swift */ = {isa = PBXFileReference; lastKnownFileType = sourcecode.swift; path = CoreDataRepository.swift; sourceTree = "<group>"; };
		D7A4C54726603CCA004F476D /* DemoApp.app */ = {isa = PBXFileReference; explicitFileType = wrapper.application; includeInIndex = 0; path = DemoApp.app; sourceTree = BUILT_PRODUCTS_DIR; };
		D7A4C54A26603CCA004F476D /* AppDelegate.swift */ = {isa = PBXFileReference; lastKnownFileType = sourcecode.swift; path = AppDelegate.swift; sourceTree = "<group>"; };
		D7A4C54E26603CCA004F476D /* ViewController.swift */ = {isa = PBXFileReference; lastKnownFileType = sourcecode.swift; path = ViewController.swift; sourceTree = "<group>"; };
		D7A4C55126603CCA004F476D /* Base */ = {isa = PBXFileReference; lastKnownFileType = file.storyboard; name = Base; path = Base.lproj/Main.storyboard; sourceTree = "<group>"; };
		D7A4C55326603CCF004F476D /* Assets.xcassets */ = {isa = PBXFileReference; lastKnownFileType = folder.assetcatalog; path = Assets.xcassets; sourceTree = "<group>"; };
		D7A4C55626603CCF004F476D /* Base */ = {isa = PBXFileReference; lastKnownFileType = file.storyboard; name = Base; path = Base.lproj/LaunchScreen.storyboard; sourceTree = "<group>"; };
		D7A4C55826603CCF004F476D /* Info.plist */ = {isa = PBXFileReference; lastKnownFileType = text.plist.xml; path = Info.plist; sourceTree = "<group>"; };
		D7A4C56026603CF5004F476D /* TabBarInteractor.swift */ = {isa = PBXFileReference; lastKnownFileType = sourcecode.swift; path = TabBarInteractor.swift; sourceTree = "<group>"; };
		D7A4C56226603CFF004F476D /* TabBarPresenter.swift */ = {isa = PBXFileReference; lastKnownFileType = sourcecode.swift; path = TabBarPresenter.swift; sourceTree = "<group>"; };
		D7A4C56526603D18004F476D /* SearchViewController.swift */ = {isa = PBXFileReference; lastKnownFileType = sourcecode.swift; path = SearchViewController.swift; sourceTree = "<group>"; };
		D7A4C56726603D7B004F476D /* TabBarController.swift */ = {isa = PBXFileReference; lastKnownFileType = sourcecode.swift; path = TabBarController.swift; sourceTree = "<group>"; };
		D7A4C56926604779004F476D /* TabBarRouter.swift */ = {isa = PBXFileReference; lastKnownFileType = sourcecode.swift; path = TabBarRouter.swift; sourceTree = "<group>"; };
		D7A4C56B26604E88004F476D /* SearchRouter.swift */ = {isa = PBXFileReference; lastKnownFileType = sourcecode.swift; path = SearchRouter.swift; sourceTree = "<group>"; };
		D7A4C56D26605A3C004F476D /* SceneDelegate.swift */ = {isa = PBXFileReference; fileEncoding = 4; lastKnownFileType = sourcecode.swift; path = SceneDelegate.swift; sourceTree = "<group>"; };
		D7A4C56F26605EB8004F476D /* TabBarProtocols.swift */ = {isa = PBXFileReference; lastKnownFileType = sourcecode.swift; path = TabBarProtocols.swift; sourceTree = "<group>"; };
		D7A4C571266063D5004F476D /* SearchInteractor.swift */ = {isa = PBXFileReference; lastKnownFileType = sourcecode.swift; path = SearchInteractor.swift; sourceTree = "<group>"; };
		D7A4C573266063E0004F476D /* SearchPresenter.swift */ = {isa = PBXFileReference; lastKnownFileType = sourcecode.swift; path = SearchPresenter.swift; sourceTree = "<group>"; };
		D7A4C575266063EE004F476D /* SearchProtocols.swift */ = {isa = PBXFileReference; lastKnownFileType = sourcecode.swift; path = SearchProtocols.swift; sourceTree = "<group>"; };
		D7A4C578266076E0004F476D /* UIViewController+Extension.swift */ = {isa = PBXFileReference; lastKnownFileType = sourcecode.swift; path = "UIViewController+Extension.swift"; sourceTree = "<group>"; };
		D7A4C57C2660785D004F476D /* NetworkingError.swift */ = {isa = PBXFileReference; fileEncoding = 4; lastKnownFileType = sourcecode.swift; path = NetworkingError.swift; sourceTree = "<group>"; };
		D7A4C57D2660785D004F476D /* Result.swift */ = {isa = PBXFileReference; fileEncoding = 4; lastKnownFileType = sourcecode.swift; path = Result.swift; sourceTree = "<group>"; };
		D7A4C57E2660785D004F476D /* NetworkManager.swift */ = {isa = PBXFileReference; fileEncoding = 4; lastKnownFileType = sourcecode.swift; path = NetworkManager.swift; sourceTree = "<group>"; };
		D7A4C57F2660785D004F476D /* HTTPMethod.swift */ = {isa = PBXFileReference; fileEncoding = 4; lastKnownFileType = sourcecode.swift; path = HTTPMethod.swift; sourceTree = "<group>"; };
		D7A4C5802660785D004F476D /* RequestProtocol.swift */ = {isa = PBXFileReference; fileEncoding = 4; lastKnownFileType = sourcecode.swift; path = RequestProtocol.swift; sourceTree = "<group>"; };
		D7A4C587266078F1004F476D /* SearchEntity.swift */ = {isa = PBXFileReference; lastKnownFileType = sourcecode.swift; path = SearchEntity.swift; sourceTree = "<group>"; };
		D7A4C58926607A43004F476D /* RecipeRequest.swift */ = {isa = PBXFileReference; lastKnownFileType = sourcecode.swift; path = RecipeRequest.swift; sourceTree = "<group>"; };
		D7A4C58B2660901D004F476D /* DrinkTableViewCell.swift */ = {isa = PBXFileReference; lastKnownFileType = sourcecode.swift; path = DrinkTableViewCell.swift; sourceTree = "<group>"; };
		D7A4C5982660A552004F476D /* CategoryListViewController.swift */ = {isa = PBXFileReference; lastKnownFileType = sourcecode.swift; path = CategoryListViewController.swift; sourceTree = "<group>"; };
		D7A4C59A2660A5B1004F476D /* CategoryListPresenter.swift */ = {isa = PBXFileReference; lastKnownFileType = sourcecode.swift; path = CategoryListPresenter.swift; sourceTree = "<group>"; };
		D7A4C59C2660A5C4004F476D /* CategoryListRouter.swift */ = {isa = PBXFileReference; lastKnownFileType = sourcecode.swift; path = CategoryListRouter.swift; sourceTree = "<group>"; };
		D7A4C59E2660A5D7004F476D /* CategoryListInteractor.swift */ = {isa = PBXFileReference; lastKnownFileType = sourcecode.swift; path = CategoryListInteractor.swift; sourceTree = "<group>"; };
		D7A4C5A02660A5E6004F476D /* CategoryEntity.swift */ = {isa = PBXFileReference; lastKnownFileType = sourcecode.swift; path = CategoryEntity.swift; sourceTree = "<group>"; };
		D7A4C5A22660A777004F476D /* CategoryListProtocols.swift */ = {isa = PBXFileReference; lastKnownFileType = sourcecode.swift; path = CategoryListProtocols.swift; sourceTree = "<group>"; };
		D7A4C5A52660B115004F476D /* Bluring.swift */ = {isa = PBXFileReference; lastKnownFileType = sourcecode.swift; path = Bluring.swift; sourceTree = "<group>"; };
		D7A4C5A72660B1C3004F476D /* CategoryTableViewCell.swift */ = {isa = PBXFileReference; lastKnownFileType = sourcecode.swift; path = CategoryTableViewCell.swift; sourceTree = "<group>"; };
		D7A4C5A92660B400004F476D /* String+Extension.swift */ = {isa = PBXFileReference; lastKnownFileType = sourcecode.swift; path = "String+Extension.swift"; sourceTree = "<group>"; };
		D7A4C5AC2660C73C004F476D /* CategoryDetailInteractor.swift */ = {isa = PBXFileReference; fileEncoding = 4; lastKnownFileType = sourcecode.swift; path = CategoryDetailInteractor.swift; sourceTree = "<group>"; };
		D7A4C5AD2660C73C004F476D /* CategoryDetailViewController.swift */ = {isa = PBXFileReference; fileEncoding = 4; lastKnownFileType = sourcecode.swift; path = CategoryDetailViewController.swift; sourceTree = "<group>"; };
		D7A4C5AE2660C73C004F476D /* CategoryDetailProtocols.swift */ = {isa = PBXFileReference; fileEncoding = 4; lastKnownFileType = sourcecode.swift; path = CategoryDetailProtocols.swift; sourceTree = "<group>"; };
		D7A4C5AF2660C73C004F476D /* CategoryDetailRouter.swift */ = {isa = PBXFileReference; fileEncoding = 4; lastKnownFileType = sourcecode.swift; path = CategoryDetailRouter.swift; sourceTree = "<group>"; };
		D7A4C5B02660C73C004F476D /* CategoryDetailPresenter.swift */ = {isa = PBXFileReference; fileEncoding = 4; lastKnownFileType = sourcecode.swift; path = CategoryDetailPresenter.swift; sourceTree = "<group>"; };
		D7A6DAB226798C8F00A2DBC4 /* CoreDataModel.xcdatamodel */ = {isa = PBXFileReference; lastKnownFileType = wrapper.xcdatamodel; path = CoreDataModel.xcdatamodel; sourceTree = "<group>"; };
		D7A6DAB62679B24800A2DBC4 /* CoreDataManager.swift */ = {isa = PBXFileReference; lastKnownFileType = sourcecode.swift; path = CoreDataManager.swift; sourceTree = "<group>"; };
		D7A6DABB2679C94A00A2DBC4 /* FavoritesViewController.swift */ = {isa = PBXFileReference; lastKnownFileType = sourcecode.swift; path = FavoritesViewController.swift; sourceTree = "<group>"; };
		D7A6DABD2679C95B00A2DBC4 /* FavoritesRouter.swift */ = {isa = PBXFileReference; lastKnownFileType = sourcecode.swift; path = FavoritesRouter.swift; sourceTree = "<group>"; };
		D7A6DABF2679C96600A2DBC4 /* FavoritesProtocols.swift */ = {isa = PBXFileReference; lastKnownFileType = sourcecode.swift; path = FavoritesProtocols.swift; sourceTree = "<group>"; };
		D7A6DAC12679C97500A2DBC4 /* FavoritesPresenter.swift */ = {isa = PBXFileReference; lastKnownFileType = sourcecode.swift; path = FavoritesPresenter.swift; sourceTree = "<group>"; };
		D7A6DAC32679C97F00A2DBC4 /* FavoritesInteractor.swift */ = {isa = PBXFileReference; lastKnownFileType = sourcecode.swift; path = FavoritesInteractor.swift; sourceTree = "<group>"; };
		D7B7C7CA266DB2AF00601FA1 /* ErrorView.swift */ = {isa = PBXFileReference; lastKnownFileType = sourcecode.swift; path = ErrorView.swift; sourceTree = "<group>"; };
		D7B7C7CC266DB52000601FA1 /* StartSearchView.swift */ = {isa = PBXFileReference; lastKnownFileType = sourcecode.swift; path = StartSearchView.swift; sourceTree = "<group>"; };
		D7B7C7CE266DE1D300601FA1 /* RecipeView.swift */ = {isa = PBXFileReference; lastKnownFileType = sourcecode.swift; path = RecipeView.swift; sourceTree = "<group>"; };
		D7B7C7D0266DE1E800601FA1 /* RecipeViewModel.swift */ = {isa = PBXFileReference; lastKnownFileType = sourcecode.swift; path = RecipeViewModel.swift; sourceTree = "<group>"; };
		D7B7C7D2266DECD900601FA1 /* RecipeService.swift */ = {isa = PBXFileReference; lastKnownFileType = sourcecode.swift; path = RecipeService.swift; sourceTree = "<group>"; };
		D7BA7DF12668627000728137 /* View+Extension.swift */ = {isa = PBXFileReference; lastKnownFileType = sourcecode.swift; path = "View+Extension.swift"; sourceTree = "<group>"; };
		D7BA7DF3266862D900728137 /* CategoryDetailViewModel.swift */ = {isa = PBXFileReference; lastKnownFileType = sourcecode.swift; path = CategoryDetailViewModel.swift; sourceTree = "<group>"; };
		D7BA7DF926686E0D00728137 /* NetworkAPI.swift */ = {isa = PBXFileReference; lastKnownFileType = sourcecode.swift; path = NetworkAPI.swift; sourceTree = "<group>"; };
		D7BA7DFB2668710500728137 /* Agent.swift */ = {isa = PBXFileReference; lastKnownFileType = sourcecode.swift; path = Agent.swift; sourceTree = "<group>"; };
		D7BA7E002668815100728137 /* CategoryListService.swift */ = {isa = PBXFileReference; lastKnownFileType = sourcecode.swift; path = CategoryListService.swift; sourceTree = "<group>"; };
		D7BA7E032668962D00728137 /* System.swift */ = {isa = PBXFileReference; fileEncoding = 4; lastKnownFileType = sourcecode.swift; path = System.swift; sourceTree = "<group>"; };
		D7BA7E042668962D00728137 /* Feedback.swift */ = {isa = PBXFileReference; fileEncoding = 4; lastKnownFileType = sourcecode.swift; path = Feedback.swift; sourceTree = "<group>"; };
		D7BA7E0726689DD600728137 /* CategoryDetailService.swift */ = {isa = PBXFileReference; lastKnownFileType = sourcecode.swift; path = CategoryDetailService.swift; sourceTree = "<group>"; };
		D7BA7E092668A17B00728137 /* CategoryDetailView.swift */ = {isa = PBXFileReference; lastKnownFileType = sourcecode.swift; path = CategoryDetailView.swift; sourceTree = "<group>"; };
		D7BA7E0B2668A42C00728137 /* String+Extension.swift */ = {isa = PBXFileReference; lastKnownFileType = sourcecode.swift; path = "String+Extension.swift"; sourceTree = "<group>"; };
		D7BA7E102668AF5600728137 /* SearchListViewModel.swift */ = {isa = PBXFileReference; lastKnownFileType = sourcecode.swift; path = SearchListViewModel.swift; sourceTree = "<group>"; };
		D7BA7E122668B14C00728137 /* SearchService.swift */ = {isa = PBXFileReference; lastKnownFileType = sourcecode.swift; path = SearchService.swift; sourceTree = "<group>"; };
		D7BD78642664475400C13AFA /* RecipeViewController.swift */ = {isa = PBXFileReference; lastKnownFileType = sourcecode.swift; path = RecipeViewController.swift; sourceTree = "<group>"; };
		D7BD78662664476400C13AFA /* RecipeProtocols.swift */ = {isa = PBXFileReference; lastKnownFileType = sourcecode.swift; path = RecipeProtocols.swift; sourceTree = "<group>"; };
		D7BD78682664477200C13AFA /* RecipeRouter.swift */ = {isa = PBXFileReference; lastKnownFileType = sourcecode.swift; path = RecipeRouter.swift; sourceTree = "<group>"; };
		D7BD786A2664477B00C13AFA /* RecipePresenter.swift */ = {isa = PBXFileReference; lastKnownFileType = sourcecode.swift; path = RecipePresenter.swift; sourceTree = "<group>"; };
		D7BD786C2664478300C13AFA /* RecipeInteractor.swift */ = {isa = PBXFileReference; lastKnownFileType = sourcecode.swift; path = RecipeInteractor.swift; sourceTree = "<group>"; };
		D7BFEC122678420C00F9F9C9 /* RDrink.swift */ = {isa = PBXFileReference; lastKnownFileType = sourcecode.swift; path = RDrink.swift; sourceTree = "<group>"; };
		D7BFEC1426784BD700F9F9C9 /* UserDefaultsRepository.swift */ = {isa = PBXFileReference; lastKnownFileType = sourcecode.swift; path = UserDefaultsRepository.swift; sourceTree = "<group>"; };
		D7BFEC1626784BF600F9F9C9 /* UDDrink.swift */ = {isa = PBXFileReference; lastKnownFileType = sourcecode.swift; path = UDDrink.swift; sourceTree = "<group>"; };
		D7BFEC1826786D6500F9F9C9 /* LocalRepository.swift */ = {isa = PBXFileReference; lastKnownFileType = sourcecode.swift; path = LocalRepository.swift; sourceTree = "<group>"; };
		D7C456B82667132200E1DE6F /* DrinkCell.swift */ = {isa = PBXFileReference; lastKnownFileType = sourcecode.swift; path = DrinkCell.swift; sourceTree = "<group>"; };
		D7C456BC2667291800E1DE6F /* ActivityIndicator.swift */ = {isa = PBXFileReference; lastKnownFileType = sourcecode.swift; path = ActivityIndicator.swift; sourceTree = "<group>"; };
		D7C456BF26672EF500E1DE6F /* CategoryListViewModel.swift */ = {isa = PBXFileReference; lastKnownFileType = sourcecode.swift; path = CategoryListViewModel.swift; sourceTree = "<group>"; };
		D7C456C22667313A00E1DE6F /* Drink.swift */ = {isa = PBXFileReference; lastKnownFileType = sourcecode.swift; path = Drink.swift; sourceTree = "<group>"; };
		D7C456C42667316900E1DE6F /* Category.swift */ = {isa = PBXFileReference; lastKnownFileType = sourcecode.swift; path = Category.swift; sourceTree = "<group>"; };
		D7EEE06D266ED2A4001CA324 /* WebView.swift */ = {isa = PBXFileReference; lastKnownFileType = sourcecode.swift; path = WebView.swift; sourceTree = "<group>"; };
		D7EEE073266F09C3001CA324 /* DemoApp(Elm).app */ = {isa = PBXFileReference; explicitFileType = wrapper.application; includeInIndex = 0; path = "DemoApp(Elm).app"; sourceTree = BUILT_PRODUCTS_DIR; };
		D7EEE075266F09C3001CA324 /* AppDelegate.swift */ = {isa = PBXFileReference; lastKnownFileType = sourcecode.swift; path = AppDelegate.swift; sourceTree = "<group>"; };
		D7EEE077266F09C3001CA324 /* SceneDelegate.swift */ = {isa = PBXFileReference; lastKnownFileType = sourcecode.swift; path = SceneDelegate.swift; sourceTree = "<group>"; };
		D7EEE079266F09C3001CA324 /* ViewController.swift */ = {isa = PBXFileReference; lastKnownFileType = sourcecode.swift; path = ViewController.swift; sourceTree = "<group>"; };
		D7EEE07C266F09C3001CA324 /* Base */ = {isa = PBXFileReference; lastKnownFileType = file.storyboard; name = Base; path = Base.lproj/Main.storyboard; sourceTree = "<group>"; };
		D7EEE07E266F09C6001CA324 /* Assets.xcassets */ = {isa = PBXFileReference; lastKnownFileType = folder.assetcatalog; path = Assets.xcassets; sourceTree = "<group>"; };
		D7EEE081266F09C6001CA324 /* Base */ = {isa = PBXFileReference; lastKnownFileType = file.storyboard; name = Base; path = Base.lproj/LaunchScreen.storyboard; sourceTree = "<group>"; };
		D7EEE083266F09C6001CA324 /* Info.plist */ = {isa = PBXFileReference; lastKnownFileType = text.plist.xml; path = Info.plist; sourceTree = "<group>"; };
		D7F0A7792664C2DC001C27F8 /* DemoApp(SwiftUI).app */ = {isa = PBXFileReference; explicitFileType = wrapper.application; includeInIndex = 0; path = "DemoApp(SwiftUI).app"; sourceTree = BUILT_PRODUCTS_DIR; };
		D7F0A77B2664C2DC001C27F8 /* DemoApp.swift */ = {isa = PBXFileReference; lastKnownFileType = sourcecode.swift; path = DemoApp.swift; sourceTree = "<group>"; };
		D7F0A77D2664C2DC001C27F8 /* ContentView.swift */ = {isa = PBXFileReference; lastKnownFileType = sourcecode.swift; path = ContentView.swift; sourceTree = "<group>"; };
		D7F0A7822664C2DD001C27F8 /* Preview Assets.xcassets */ = {isa = PBXFileReference; lastKnownFileType = folder.assetcatalog; path = "Preview Assets.xcassets"; sourceTree = "<group>"; };
		D7F0A7842664C2DD001C27F8 /* Info.plist */ = {isa = PBXFileReference; lastKnownFileType = text.plist.xml; path = Info.plist; sourceTree = "<group>"; };
/* End PBXFileReference section */

/* Begin PBXFrameworksBuildPhase section */
		D7A4C54426603CCA004F476D /* Frameworks */ = {
			isa = PBXFrameworksBuildPhase;
			buildActionMask = 2147483647;
			files = (
				D79A35DC267726000069B68B /* RealmSwift in Frameworks */,
				D79A35DA267726000069B68B /* Realm in Frameworks */,
			);
			runOnlyForDeploymentPostprocessing = 0;
		};
		D7EEE070266F09C3001CA324 /* Frameworks */ = {
			isa = PBXFrameworksBuildPhase;
			buildActionMask = 2147483647;
			files = (
			);
			runOnlyForDeploymentPostprocessing = 0;
		};
		D7F0A7762664C2DC001C27F8 /* Frameworks */ = {
			isa = PBXFrameworksBuildPhase;
			buildActionMask = 2147483647;
			files = (
				D7BA7E0F2668AB9300728137 /* ImageLoader in Frameworks */,
			);
			runOnlyForDeploymentPostprocessing = 0;
		};
/* End PBXFrameworksBuildPhase section */

/* Begin PBXGroup section */
		D7567A782665D6A20069547E /* Views */ = {
			isa = PBXGroup;
			children = (
				D7C456BC2667291800E1DE6F /* ActivityIndicator.swift */,
				D7567A7D2665E9370069547E /* CategoriesView.swift */,
				D7BA7E092668A17B00728137 /* CategoryDetailView.swift */,
				D7F0A77D2664C2DC001C27F8 /* ContentView.swift */,
				D7F0A77B2664C2DC001C27F8 /* DemoApp.swift */,
				D7C456B82667132200E1DE6F /* DrinkCell.swift */,
				D7B7C7CA266DB2AF00601FA1 /* ErrorView.swift */,
				D7567A762665D69C0069547E /* FavoritesView.swift */,
				D7B7C7CE266DE1D300601FA1 /* RecipeView.swift */,
				D7567A7F2665EC670069547E /* SearchBar.swift */,
				D7567A792665DC400069547E /* SearchView.swift */,
				D7B7C7CC266DB52000601FA1 /* StartSearchView.swift */,
				D7EEE06D266ED2A4001CA324 /* WebView.swift */,
			);
			path = Views;
			sourceTree = "<group>";
		};
		D785B7F726614532009B586C /* Recipe */ = {
			isa = PBXGroup;
			children = (
				D7BD786C2664478300C13AFA /* RecipeInteractor.swift */,
				D7BD786A2664477B00C13AFA /* RecipePresenter.swift */,
				D7BD78662664476400C13AFA /* RecipeProtocols.swift */,
				D7BD78682664477200C13AFA /* RecipeRouter.swift */,
				D7BD78642664475400C13AFA /* RecipeViewController.swift */,
			);
			path = Recipe;
			sourceTree = "<group>";
		};
		D79A35D5267722890069B68B /* Repository */ = {
			isa = PBXGroup;
			children = (
				D7A6DAB62679B24800A2DBC4 /* CoreDataManager.swift */,
				D79A35DF267726440069B68B /* CoreDataRepository.swift */,
				D784EF26267C25BA00B4E9AF /* InMemoryRepository.swift */,
				D7BFEC1826786D6500F9F9C9 /* LocalRepository.swift */,
				D79A35DD267726380069B68B /* RealmRepository.swift */,
				D79A35D62677229B0069B68B /* Repository.swift */,
				D7BFEC1426784BD700F9F9C9 /* UserDefaultsRepository.swift */,
				D7A6DAB126798C8F00A2DBC4 /* CoreDataModel.xcdatamodeld */,
				D7BFEC0F267840CF00F9F9C9 /* Models */,
			);
			path = Repository;
			sourceTree = "<group>";
		};
		D7A4C53E26603CCA004F476D = {
			isa = PBXGroup;
			children = (
				D7A4C54926603CCA004F476D /* DemoApp */,
				D7F0A77A2664C2DC001C27F8 /* DemoApp(SwiftUI) */,
				D7EEE074266F09C3001CA324 /* DemoApp(Elm) */,
				D7A4C54826603CCA004F476D /* Products */,
				D7BA7E0D2668AB9300728137 /* Frameworks */,
			);
			sourceTree = "<group>";
		};
		D7A4C54826603CCA004F476D /* Products */ = {
			isa = PBXGroup;
			children = (
				D7A4C54726603CCA004F476D /* DemoApp.app */,
				D7F0A7792664C2DC001C27F8 /* DemoApp(SwiftUI).app */,
				D7EEE073266F09C3001CA324 /* DemoApp(Elm).app */,
			);
			name = Products;
			sourceTree = "<group>";
		};
		D7A4C54926603CCA004F476D /* DemoApp */ = {
			isa = PBXGroup;
			children = (
				D7A4C5A42660B101004F476D /* Utilities */,
				D7A4C55826603CCF004F476D /* Info.plist */,
				D7A4C54A26603CCA004F476D /* AppDelegate.swift */,
				D7A4C56D26605A3C004F476D /* SceneDelegate.swift */,
				D7A4C54E26603CCA004F476D /* ViewController.swift */,
				D7A4C55326603CCF004F476D /* Assets.xcassets */,
				D7A4C577266076D1004F476D /* Extensions */,
				D7A4C55526603CCF004F476D /* LaunchScreen.storyboard */,
				D7A4C55026603CCA004F476D /* Main.storyboard */,
				D79A35D5267722890069B68B /* Repository */,
				D7A4C55E26603CD9004F476D /* Modules */,
				D7A4C57A2660785D004F476D /* Networking */,
			);
			path = DemoApp;
			sourceTree = "<group>";
		};
		D7A4C55E26603CD9004F476D /* Modules */ = {
			isa = PBXGroup;
			children = (
				D7A4C5972660A52C004F476D /* Categories */,
				D7A4C5AB2660C534004F476D /* CateoryDetail */,
				D7A6DABA2679C93000A2DBC4 /* Favorites */,
				D785B7F726614532009B586C /* Recipe */,
				D7A4C56426603D05004F476D /* Search */,
				D7A4C55F26603CE3004F476D /* TabBar */,
			);
			path = Modules;
			sourceTree = "<group>";
		};
		D7A4C55F26603CE3004F476D /* TabBar */ = {
			isa = PBXGroup;
			children = (
				D7A4C56726603D7B004F476D /* TabBarController.swift */,
				D7A4C56026603CF5004F476D /* TabBarInteractor.swift */,
				D7A4C56226603CFF004F476D /* TabBarPresenter.swift */,
				D7A4C56F26605EB8004F476D /* TabBarProtocols.swift */,
				D7A4C56926604779004F476D /* TabBarRouter.swift */,
			);
			path = TabBar;
			sourceTree = "<group>";
		};
		D7A4C56426603D05004F476D /* Search */ = {
			isa = PBXGroup;
			children = (
				D7A4C58B2660901D004F476D /* DrinkTableViewCell.swift */,
				D746F8D72660D1C4003982CF /* DrinkTableViewCell.xib */,
				D7A4C587266078F1004F476D /* SearchEntity.swift */,
				D7A4C571266063D5004F476D /* SearchInteractor.swift */,
				D7A4C573266063E0004F476D /* SearchPresenter.swift */,
				D7A4C575266063EE004F476D /* SearchProtocols.swift */,
				D7A4C56B26604E88004F476D /* SearchRouter.swift */,
				D7A4C56526603D18004F476D /* SearchViewController.swift */,
			);
			path = Search;
			sourceTree = "<group>";
		};
		D7A4C577266076D1004F476D /* Extensions */ = {
			isa = PBXGroup;
			children = (
				D7A4C578266076E0004F476D /* UIViewController+Extension.swift */,
				D7A4C5A92660B400004F476D /* String+Extension.swift */,
				D746F8D92660D26D003982CF /* UITableViewCell+Extension.swift */,
			);
			path = Extensions;
			sourceTree = "<group>";
		};
		D7A4C57A2660785D004F476D /* Networking */ = {
			isa = PBXGroup;
			children = (
				D7A4C57F2660785D004F476D /* HTTPMethod.swift */,
				D7A4C57C2660785D004F476D /* NetworkingError.swift */,
				D7A4C57E2660785D004F476D /* NetworkManager.swift */,
				D7A4C58926607A43004F476D /* RecipeRequest.swift */,
				D7A4C5802660785D004F476D /* RequestProtocol.swift */,
				D7A4C57D2660785D004F476D /* Result.swift */,
			);
			path = Networking;
			sourceTree = "<group>";
		};
		D7A4C5972660A52C004F476D /* Categories */ = {
			isa = PBXGroup;
			children = (
				D7A4C5A02660A5E6004F476D /* CategoryEntity.swift */,
				D7A4C59E2660A5D7004F476D /* CategoryListInteractor.swift */,
				D7A4C59A2660A5B1004F476D /* CategoryListPresenter.swift */,
				D7A4C5A22660A777004F476D /* CategoryListProtocols.swift */,
				D7A4C59C2660A5C4004F476D /* CategoryListRouter.swift */,
				D7A4C5982660A552004F476D /* CategoryListViewController.swift */,
				D7A4C5A72660B1C3004F476D /* CategoryTableViewCell.swift */,
			);
			path = Categories;
			sourceTree = "<group>";
		};
		D7A4C5A42660B101004F476D /* Utilities */ = {
			isa = PBXGroup;
			children = (
				D7A4C5A52660B115004F476D /* Bluring.swift */,
				D784EF28267C32D700B4E9AF /* LoadingViewController.swift */,
			);
			path = Utilities;
			sourceTree = "<group>";
		};
		D7A4C5AB2660C534004F476D /* CateoryDetail */ = {
			isa = PBXGroup;
			children = (
				D7A4C5AC2660C73C004F476D /* CategoryDetailInteractor.swift */,
				D7A4C5B02660C73C004F476D /* CategoryDetailPresenter.swift */,
				D7A4C5AE2660C73C004F476D /* CategoryDetailProtocols.swift */,
				D7A4C5AF2660C73C004F476D /* CategoryDetailRouter.swift */,
				D7A4C5AD2660C73C004F476D /* CategoryDetailViewController.swift */,
			);
			path = CateoryDetail;
			sourceTree = "<group>";
		};
		D7A6DABA2679C93000A2DBC4 /* Favorites */ = {
			isa = PBXGroup;
			children = (
				D7A6DAC32679C97F00A2DBC4 /* FavoritesInteractor.swift */,
				D7A6DAC12679C97500A2DBC4 /* FavoritesPresenter.swift */,
				D7A6DABF2679C96600A2DBC4 /* FavoritesProtocols.swift */,
				D7A6DABD2679C95B00A2DBC4 /* FavoritesRouter.swift */,
				D7A6DABB2679C94A00A2DBC4 /* FavoritesViewController.swift */,
			);
			path = Favorites;
			sourceTree = "<group>";
		};
		D7BA7DF02668622D00728137 /* Extensions */ = {
			isa = PBXGroup;
			children = (
				D7BA7DF12668627000728137 /* View+Extension.swift */,
				D7BA7E0B2668A42C00728137 /* String+Extension.swift */,
			);
			path = Extensions;
			sourceTree = "<group>";
		};
		D7BA7DF826686DB600728137 /* Networking */ = {
			isa = PBXGroup;
			children = (
				D7BA7DF926686E0D00728137 /* NetworkAPI.swift */,
				D7BA7DFB2668710500728137 /* Agent.swift */,
			);
			path = Networking;
			sourceTree = "<group>";
		};
		D7BA7DFF2668813900728137 /* Service */ = {
			isa = PBXGroup;
			children = (
				D7BA7E0726689DD600728137 /* CategoryDetailService.swift */,
				D7BA7E002668815100728137 /* CategoryListService.swift */,
				D7BA7E122668B14C00728137 /* SearchService.swift */,
				D7B7C7D2266DECD900601FA1 /* RecipeService.swift */,
			);
			path = Service;
			sourceTree = "<group>";
		};
		D7BA7E022668962D00728137 /* Feedback */ = {
			isa = PBXGroup;
			children = (
				D7BA7E032668962D00728137 /* System.swift */,
				D7BA7E042668962D00728137 /* Feedback.swift */,
			);
			name = Feedback;
			path = "../../../../Downloads/ModernMVVM-master/ModernMVVM/Feedback";
			sourceTree = "<group>";
		};
		D7BA7E0D2668AB9300728137 /* Frameworks */ = {
			isa = PBXGroup;
			children = (
			);
			name = Frameworks;
			sourceTree = "<group>";
		};
		D7BFEC0F267840CF00F9F9C9 /* Models */ = {
			isa = PBXGroup;
			children = (
				D733E5C9268052A100B0928E /* DrinkMO+CoreDataClass.swift */,
				D733E5CA268052A100B0928E /* DrinkMO+CoreDataProperties.swift */,
				D7BFEC122678420C00F9F9C9 /* RDrink.swift */,
				D7BFEC1626784BF600F9F9C9 /* UDDrink.swift */,
			);
			path = Models;
			sourceTree = "<group>";
		};
		D7C456BE26672ED300E1DE6F /* ViewModels */ = {
			isa = PBXGroup;
			children = (
				D7BA7DF3266862D900728137 /* CategoryDetailViewModel.swift */,
				D7C456BF26672EF500E1DE6F /* CategoryListViewModel.swift */,
				D7B7C7D0266DE1E800601FA1 /* RecipeViewModel.swift */,
				D7BA7E102668AF5600728137 /* SearchListViewModel.swift */,
			);
			path = ViewModels;
			sourceTree = "<group>";
		};
		D7C456C12667312600E1DE6F /* Models */ = {
			isa = PBXGroup;
			children = (
				D7C456C22667313A00E1DE6F /* Drink.swift */,
				D7C456C42667316900E1DE6F /* Category.swift */,
			);
			path = Models;
			sourceTree = "<group>";
		};
		D7EEE074266F09C3001CA324 /* DemoApp(Elm) */ = {
			isa = PBXGroup;
			children = (
				D7EEE083266F09C6001CA324 /* Info.plist */,
				D7EEE075266F09C3001CA324 /* AppDelegate.swift */,
				D7EEE077266F09C3001CA324 /* SceneDelegate.swift */,
				D7EEE079266F09C3001CA324 /* ViewController.swift */,
				D7EEE07E266F09C6001CA324 /* Assets.xcassets */,
				D7EEE080266F09C6001CA324 /* LaunchScreen.storyboard */,
				D7EEE07B266F09C3001CA324 /* Main.storyboard */,
				D7EEE08A266F3CAD001CA324 /* Elm */,
			);
			path = "DemoApp(Elm)";
			sourceTree = "<group>";
		};
		D7EEE08A266F3CAD001CA324 /* Elm */ = {
			isa = PBXGroup;
			children = (
			);
			path = Elm;
			sourceTree = "<group>";
		};
		D7F0A77A2664C2DC001C27F8 /* DemoApp(SwiftUI) */ = {
			isa = PBXGroup;
			children = (
				D7F0A7842664C2DD001C27F8 /* Info.plist */,
				D7BA7DF02668622D00728137 /* Extensions */,
				D7BA7E022668962D00728137 /* Feedback */,
				D7C456C12667312600E1DE6F /* Models */,
				D7BA7DF826686DB600728137 /* Networking */,
				D7F0A7812664C2DD001C27F8 /* Preview Content */,
				D7BA7DFF2668813900728137 /* Service */,
				D7C456BE26672ED300E1DE6F /* ViewModels */,
				D7567A782665D6A20069547E /* Views */,
			);
			path = "DemoApp(SwiftUI)";
			sourceTree = "<group>";
		};
		D7F0A7812664C2DD001C27F8 /* Preview Content */ = {
			isa = PBXGroup;
			children = (
				D7F0A7822664C2DD001C27F8 /* Preview Assets.xcassets */,
			);
			path = "Preview Content";
			sourceTree = "<group>";
		};
/* End PBXGroup section */

/* Begin PBXNativeTarget section */
		D7A4C54626603CCA004F476D /* DemoApp */ = {
			isa = PBXNativeTarget;
			buildConfigurationList = D7A4C55B26603CCF004F476D /* Build configuration list for PBXNativeTarget "DemoApp" */;
			buildPhases = (
				D7A4C54326603CCA004F476D /* Sources */,
				D7A4C54426603CCA004F476D /* Frameworks */,
				D7A4C54526603CCA004F476D /* Resources */,
			);
			buildRules = (
			);
			dependencies = (
			);
			name = DemoApp;
			packageProductDependencies = (
				D79A35D9267726000069B68B /* Realm */,
				D79A35DB267726000069B68B /* RealmSwift */,
			);
			productName = DemoApp;
			productReference = D7A4C54726603CCA004F476D /* DemoApp.app */;
			productType = "com.apple.product-type.application";
		};
		D7EEE072266F09C3001CA324 /* DemoApp(Elm) */ = {
			isa = PBXNativeTarget;
			buildConfigurationList = D7EEE084266F09C6001CA324 /* Build configuration list for PBXNativeTarget "DemoApp(Elm)" */;
			buildPhases = (
				D7EEE06F266F09C3001CA324 /* Sources */,
				D7EEE070266F09C3001CA324 /* Frameworks */,
				D7EEE071266F09C3001CA324 /* Resources */,
			);
			buildRules = (
			);
			dependencies = (
			);
			name = "DemoApp(Elm)";
			productName = "DemoApp(Elm)";
			productReference = D7EEE073266F09C3001CA324 /* DemoApp(Elm).app */;
			productType = "com.apple.product-type.application";
		};
		D7F0A7782664C2DC001C27F8 /* DemoApp(SwiftUI) */ = {
			isa = PBXNativeTarget;
			buildConfigurationList = D7F0A7852664C2DD001C27F8 /* Build configuration list for PBXNativeTarget "DemoApp(SwiftUI)" */;
			buildPhases = (
				D7F0A7752664C2DC001C27F8 /* Sources */,
				D7F0A7762664C2DC001C27F8 /* Frameworks */,
				D7F0A7772664C2DC001C27F8 /* Resources */,
			);
			buildRules = (
			);
			dependencies = (
			);
			name = "DemoApp(SwiftUI)";
			packageProductDependencies = (
				D7BA7E0E2668AB9300728137 /* ImageLoader */,
			);
			productName = "DemoApp(SwiftUI)";
			productReference = D7F0A7792664C2DC001C27F8 /* DemoApp(SwiftUI).app */;
			productType = "com.apple.product-type.application";
		};
/* End PBXNativeTarget section */

/* Begin PBXProject section */
		D7A4C53F26603CCA004F476D /* Project object */ = {
			isa = PBXProject;
			attributes = {
				LastSwiftUpdateCheck = 1250;
				LastUpgradeCheck = 1250;
				TargetAttributes = {
					D7A4C54626603CCA004F476D = {
						CreatedOnToolsVersion = 12.5;
					};
					D7EEE072266F09C3001CA324 = {
						CreatedOnToolsVersion = 12.5;
					};
					D7F0A7782664C2DC001C27F8 = {
						CreatedOnToolsVersion = 12.5;
					};
				};
			};
			buildConfigurationList = D7A4C54226603CCA004F476D /* Build configuration list for PBXProject "DemoApp" */;
			compatibilityVersion = "Xcode 9.3";
			developmentRegion = en;
			hasScannedForEncodings = 0;
			knownRegions = (
				en,
				Base,
			);
			mainGroup = D7A4C53E26603CCA004F476D;
			packageReferences = (
				D7BA7DF526686CCD00728137 /* XCRemoteSwiftPackageReference "ImageLoader" */,
				D79A35D8267726000069B68B /* XCRemoteSwiftPackageReference "realm-cocoa" */,
			);
			productRefGroup = D7A4C54826603CCA004F476D /* Products */;
			projectDirPath = "";
			projectRoot = "";
			targets = (
				D7A4C54626603CCA004F476D /* DemoApp */,
				D7F0A7782664C2DC001C27F8 /* DemoApp(SwiftUI) */,
				D7EEE072266F09C3001CA324 /* DemoApp(Elm) */,
			);
		};
/* End PBXProject section */

/* Begin PBXResourcesBuildPhase section */
		D7A4C54526603CCA004F476D /* Resources */ = {
			isa = PBXResourcesBuildPhase;
			buildActionMask = 2147483647;
			files = (
				D7A4C55726603CCF004F476D /* LaunchScreen.storyboard in Resources */,
				D7A4C55426603CCF004F476D /* Assets.xcassets in Resources */,
				D746F8D82660D1C4003982CF /* DrinkTableViewCell.xib in Resources */,
				D7A4C55226603CCA004F476D /* Main.storyboard in Resources */,
			);
			runOnlyForDeploymentPostprocessing = 0;
		};
		D7EEE071266F09C3001CA324 /* Resources */ = {
			isa = PBXResourcesBuildPhase;
			buildActionMask = 2147483647;
			files = (
				D7EEE082266F09C6001CA324 /* LaunchScreen.storyboard in Resources */,
				D7EEE07F266F09C6001CA324 /* Assets.xcassets in Resources */,
				D7EEE07D266F09C3001CA324 /* Main.storyboard in Resources */,
			);
			runOnlyForDeploymentPostprocessing = 0;
		};
		D7F0A7772664C2DC001C27F8 /* Resources */ = {
			isa = PBXResourcesBuildPhase;
			buildActionMask = 2147483647;
			files = (
				D7567A812665ECE70069547E /* Assets.xcassets in Resources */,
				D7F0A7832664C2DD001C27F8 /* Preview Assets.xcassets in Resources */,
			);
			runOnlyForDeploymentPostprocessing = 0;
		};
/* End PBXResourcesBuildPhase section */

/* Begin PBXSourcesBuildPhase section */
		D7A4C54326603CCA004F476D /* Sources */ = {
			isa = PBXSourcesBuildPhase;
			buildActionMask = 2147483647;
			files = (
				D7A6DAC02679C96600A2DBC4 /* FavoritesProtocols.swift in Sources */,
				D7A6DABE2679C95B00A2DBC4 /* FavoritesRouter.swift in Sources */,
				D7A4C59B2660A5B1004F476D /* CategoryListPresenter.swift in Sources */,
				D7A4C5A62660B115004F476D /* Bluring.swift in Sources */,
				D7A4C5B32660C73C004F476D /* CategoryDetailProtocols.swift in Sources */,
				D7A4C5852660785D004F476D /* HTTPMethod.swift in Sources */,
				D7A6DAC22679C97500A2DBC4 /* FavoritesPresenter.swift in Sources */,
				D7BD786D2664478300C13AFA /* RecipeInteractor.swift in Sources */,
				D7A4C5B22660C73C004F476D /* CategoryDetailViewController.swift in Sources */,
				D79A35D72677229B0069B68B /* Repository.swift in Sources */,
				D733E5CB268052A100B0928E /* DrinkMO+CoreDataClass.swift in Sources */,
				D7A4C5A12660A5E6004F476D /* CategoryEntity.swift in Sources */,
				D7A6DAB326798C8F00A2DBC4 /* CoreDataModel.xcdatamodeld in Sources */,
				D7A6DAC42679C97F00A2DBC4 /* FavoritesInteractor.swift in Sources */,
				D7A4C5842660785D004F476D /* NetworkManager.swift in Sources */,
				D746F8DA2660D26D003982CF /* UITableViewCell+Extension.swift in Sources */,
				D79A35E0267726440069B68B /* CoreDataRepository.swift in Sources */,
				D7A4C5B42660C73C004F476D /* CategoryDetailRouter.swift in Sources */,
				D7A4C588266078F1004F476D /* SearchEntity.swift in Sources */,
				D7A4C56626603D18004F476D /* SearchViewController.swift in Sources */,
				D7A4C56326603CFF004F476D /* TabBarPresenter.swift in Sources */,
				D7A4C58A26607A43004F476D /* RecipeRequest.swift in Sources */,
				D7BD78672664476400C13AFA /* RecipeProtocols.swift in Sources */,
				D7A4C5822660785D004F476D /* NetworkingError.swift in Sources */,
				D79A35DE267726380069B68B /* RealmRepository.swift in Sources */,
				D7A4C59F2660A5D7004F476D /* CategoryListInteractor.swift in Sources */,
				D7BFEC132678420C00F9F9C9 /* RDrink.swift in Sources */,
				D7A4C59D2660A5C4004F476D /* CategoryListRouter.swift in Sources */,
				D784EF29267C32D700B4E9AF /* LoadingViewController.swift in Sources */,
				D7A4C576266063EE004F476D /* SearchProtocols.swift in Sources */,
				D7BFEC1726784BF600F9F9C9 /* UDDrink.swift in Sources */,
				D7A4C5992660A552004F476D /* CategoryListViewController.swift in Sources */,
				D7A4C574266063E0004F476D /* SearchPresenter.swift in Sources */,
				D7BD786B2664477B00C13AFA /* RecipePresenter.swift in Sources */,
				D7A4C579266076E0004F476D /* UIViewController+Extension.swift in Sources */,
				D7BD78652664475400C13AFA /* RecipeViewController.swift in Sources */,
				D7BD78692664477200C13AFA /* RecipeRouter.swift in Sources */,
				D7BFEC1526784BD700F9F9C9 /* UserDefaultsRepository.swift in Sources */,
				D7A4C5AA2660B400004F476D /* String+Extension.swift in Sources */,
				D7A4C56E26605A3C004F476D /* SceneDelegate.swift in Sources */,
				D7A4C56A26604779004F476D /* TabBarRouter.swift in Sources */,
				D7A4C56C26604E88004F476D /* SearchRouter.swift in Sources */,
				D7A4C57026605EB8004F476D /* TabBarProtocols.swift in Sources */,
				D7A4C5A32660A777004F476D /* CategoryListProtocols.swift in Sources */,
				D7A4C56126603CF5004F476D /* TabBarInteractor.swift in Sources */,
				D7BFEC1926786D6500F9F9C9 /* LocalRepository.swift in Sources */,
				D7A6DABC2679C94A00A2DBC4 /* FavoritesViewController.swift in Sources */,
				D7A4C5A82660B1C3004F476D /* CategoryTableViewCell.swift in Sources */,
				D7A4C58C2660901D004F476D /* DrinkTableViewCell.swift in Sources */,
				D7A4C572266063D6004F476D /* SearchInteractor.swift in Sources */,
				D7A4C54F26603CCA004F476D /* ViewController.swift in Sources */,
				D7A4C5B52660C73C004F476D /* CategoryDetailPresenter.swift in Sources */,
				D7A6DAB72679B24800A2DBC4 /* CoreDataManager.swift in Sources */,
				D7A4C56826603D7B004F476D /* TabBarController.swift in Sources */,
				D7A4C5832660785D004F476D /* Result.swift in Sources */,
				D733E5CC268052A100B0928E /* DrinkMO+CoreDataProperties.swift in Sources */,
				D7A4C5B12660C73C004F476D /* CategoryDetailInteractor.swift in Sources */,
				D7A4C54B26603CCA004F476D /* AppDelegate.swift in Sources */,
				D7A4C5862660785D004F476D /* RequestProtocol.swift in Sources */,
				D784EF27267C25BA00B4E9AF /* InMemoryRepository.swift in Sources */,
			);
			runOnlyForDeploymentPostprocessing = 0;
		};
		D7EEE06F266F09C3001CA324 /* Sources */ = {
			isa = PBXSourcesBuildPhase;
			buildActionMask = 2147483647;
			files = (
				D7EEE07A266F09C3001CA324 /* ViewController.swift in Sources */,
				D7EEE076266F09C3001CA324 /* AppDelegate.swift in Sources */,
				D7EEE078266F09C3001CA324 /* SceneDelegate.swift in Sources */,
			);
			runOnlyForDeploymentPostprocessing = 0;
		};
		D7F0A7752664C2DC001C27F8 /* Sources */ = {
			isa = PBXSourcesBuildPhase;
			buildActionMask = 2147483647;
			files = (
				D7BA7DF4266862D900728137 /* CategoryDetailViewModel.swift in Sources */,
				D7B7C7D1266DE1E800601FA1 /* RecipeViewModel.swift in Sources */,
				D7BA7E0C2668A42C00728137 /* String+Extension.swift in Sources */,
				D7567A7A2665DC400069547E /* SearchView.swift in Sources */,
				D7BA7E062668962D00728137 /* Feedback.swift in Sources */,
				D7BA7E052668962D00728137 /* System.swift in Sources */,
				D7BA7E0826689DD600728137 /* CategoryDetailService.swift in Sources */,
				D7B7C7CF266DE1D300601FA1 /* RecipeView.swift in Sources */,
				D7567A772665D69C0069547E /* FavoritesView.swift in Sources */,
				D7B7C7CB266DB2AF00601FA1 /* ErrorView.swift in Sources */,
				D7BA7DFA26686E0D00728137 /* NetworkAPI.swift in Sources */,
				D7C456C32667313A00E1DE6F /* Drink.swift in Sources */,
				D7F0A77E2664C2DC001C27F8 /* ContentView.swift in Sources */,
				D7BA7DFC2668710500728137 /* Agent.swift in Sources */,
				D7C456B92667132200E1DE6F /* DrinkCell.swift in Sources */,
				D7BA7E112668AF5600728137 /* SearchListViewModel.swift in Sources */,
				D7C456BD2667291800E1DE6F /* ActivityIndicator.swift in Sources */,
				D7EEE06E266ED2A4001CA324 /* WebView.swift in Sources */,
				D7567A7E2665E9370069547E /* CategoriesView.swift in Sources */,
				D7F0A77C2664C2DC001C27F8 /* DemoApp.swift in Sources */,
				D7567A802665EC670069547E /* SearchBar.swift in Sources */,
				D7BA7E0A2668A17B00728137 /* CategoryDetailView.swift in Sources */,
				D7C456C026672EF500E1DE6F /* CategoryListViewModel.swift in Sources */,
				D7BA7DF22668627000728137 /* View+Extension.swift in Sources */,
				D7B7C7D3266DECD900601FA1 /* RecipeService.swift in Sources */,
				D7C456C52667316900E1DE6F /* Category.swift in Sources */,
				D7B7C7CD266DB52000601FA1 /* StartSearchView.swift in Sources */,
				D7BA7E132668B14C00728137 /* SearchService.swift in Sources */,
				D7BA7E012668815100728137 /* CategoryListService.swift in Sources */,
			);
			runOnlyForDeploymentPostprocessing = 0;
		};
/* End PBXSourcesBuildPhase section */

/* Begin PBXVariantGroup section */
		D7A4C55026603CCA004F476D /* Main.storyboard */ = {
			isa = PBXVariantGroup;
			children = (
				D7A4C55126603CCA004F476D /* Base */,
			);
			name = Main.storyboard;
			sourceTree = "<group>";
		};
		D7A4C55526603CCF004F476D /* LaunchScreen.storyboard */ = {
			isa = PBXVariantGroup;
			children = (
				D7A4C55626603CCF004F476D /* Base */,
			);
			name = LaunchScreen.storyboard;
			sourceTree = "<group>";
		};
		D7EEE07B266F09C3001CA324 /* Main.storyboard */ = {
			isa = PBXVariantGroup;
			children = (
				D7EEE07C266F09C3001CA324 /* Base */,
			);
			name = Main.storyboard;
			sourceTree = "<group>";
		};
		D7EEE080266F09C6001CA324 /* LaunchScreen.storyboard */ = {
			isa = PBXVariantGroup;
			children = (
				D7EEE081266F09C6001CA324 /* Base */,
			);
			name = LaunchScreen.storyboard;
			sourceTree = "<group>";
		};
/* End PBXVariantGroup section */

/* Begin XCBuildConfiguration section */
		D7A4C55926603CCF004F476D /* Debug */ = {
			isa = XCBuildConfiguration;
			buildSettings = {
				ALWAYS_SEARCH_USER_PATHS = NO;
				CLANG_ANALYZER_NONNULL = YES;
				CLANG_ANALYZER_NUMBER_OBJECT_CONVERSION = YES_AGGRESSIVE;
				CLANG_CXX_LANGUAGE_STANDARD = "gnu++14";
				CLANG_CXX_LIBRARY = "libc++";
				CLANG_ENABLE_MODULES = YES;
				CLANG_ENABLE_OBJC_ARC = YES;
				CLANG_ENABLE_OBJC_WEAK = YES;
				CLANG_WARN_BLOCK_CAPTURE_AUTORELEASING = YES;
				CLANG_WARN_BOOL_CONVERSION = YES;
				CLANG_WARN_COMMA = YES;
				CLANG_WARN_CONSTANT_CONVERSION = YES;
				CLANG_WARN_DEPRECATED_OBJC_IMPLEMENTATIONS = YES;
				CLANG_WARN_DIRECT_OBJC_ISA_USAGE = YES_ERROR;
				CLANG_WARN_DOCUMENTATION_COMMENTS = YES;
				CLANG_WARN_EMPTY_BODY = YES;
				CLANG_WARN_ENUM_CONVERSION = YES;
				CLANG_WARN_INFINITE_RECURSION = YES;
				CLANG_WARN_INT_CONVERSION = YES;
				CLANG_WARN_NON_LITERAL_NULL_CONVERSION = YES;
				CLANG_WARN_OBJC_IMPLICIT_RETAIN_SELF = YES;
				CLANG_WARN_OBJC_LITERAL_CONVERSION = YES;
				CLANG_WARN_OBJC_ROOT_CLASS = YES_ERROR;
				CLANG_WARN_QUOTED_INCLUDE_IN_FRAMEWORK_HEADER = YES;
				CLANG_WARN_RANGE_LOOP_ANALYSIS = YES;
				CLANG_WARN_STRICT_PROTOTYPES = YES;
				CLANG_WARN_SUSPICIOUS_MOVE = YES;
				CLANG_WARN_UNGUARDED_AVAILABILITY = YES_AGGRESSIVE;
				CLANG_WARN_UNREACHABLE_CODE = YES;
				CLANG_WARN__DUPLICATE_METHOD_MATCH = YES;
				COPY_PHASE_STRIP = NO;
				DEBUG_INFORMATION_FORMAT = dwarf;
				ENABLE_STRICT_OBJC_MSGSEND = YES;
				ENABLE_TESTABILITY = YES;
				GCC_C_LANGUAGE_STANDARD = gnu11;
				GCC_DYNAMIC_NO_PIC = NO;
				GCC_NO_COMMON_BLOCKS = YES;
				GCC_OPTIMIZATION_LEVEL = 0;
				GCC_PREPROCESSOR_DEFINITIONS = (
					"DEBUG=1",
					"$(inherited)",
				);
				GCC_WARN_64_TO_32_BIT_CONVERSION = YES;
				GCC_WARN_ABOUT_RETURN_TYPE = YES_ERROR;
				GCC_WARN_UNDECLARED_SELECTOR = YES;
				GCC_WARN_UNINITIALIZED_AUTOS = YES_AGGRESSIVE;
				GCC_WARN_UNUSED_FUNCTION = YES;
				GCC_WARN_UNUSED_VARIABLE = YES;
				IPHONEOS_DEPLOYMENT_TARGET = 14.5;
				MTL_ENABLE_DEBUG_INFO = INCLUDE_SOURCE;
				MTL_FAST_MATH = YES;
				ONLY_ACTIVE_ARCH = YES;
				SDKROOT = iphoneos;
				SWIFT_ACTIVE_COMPILATION_CONDITIONS = DEBUG;
				SWIFT_OPTIMIZATION_LEVEL = "-Onone";
			};
			name = Debug;
		};
		D7A4C55A26603CCF004F476D /* Release */ = {
			isa = XCBuildConfiguration;
			buildSettings = {
				ALWAYS_SEARCH_USER_PATHS = NO;
				CLANG_ANALYZER_NONNULL = YES;
				CLANG_ANALYZER_NUMBER_OBJECT_CONVERSION = YES_AGGRESSIVE;
				CLANG_CXX_LANGUAGE_STANDARD = "gnu++14";
				CLANG_CXX_LIBRARY = "libc++";
				CLANG_ENABLE_MODULES = YES;
				CLANG_ENABLE_OBJC_ARC = YES;
				CLANG_ENABLE_OBJC_WEAK = YES;
				CLANG_WARN_BLOCK_CAPTURE_AUTORELEASING = YES;
				CLANG_WARN_BOOL_CONVERSION = YES;
				CLANG_WARN_COMMA = YES;
				CLANG_WARN_CONSTANT_CONVERSION = YES;
				CLANG_WARN_DEPRECATED_OBJC_IMPLEMENTATIONS = YES;
				CLANG_WARN_DIRECT_OBJC_ISA_USAGE = YES_ERROR;
				CLANG_WARN_DOCUMENTATION_COMMENTS = YES;
				CLANG_WARN_EMPTY_BODY = YES;
				CLANG_WARN_ENUM_CONVERSION = YES;
				CLANG_WARN_INFINITE_RECURSION = YES;
				CLANG_WARN_INT_CONVERSION = YES;
				CLANG_WARN_NON_LITERAL_NULL_CONVERSION = YES;
				CLANG_WARN_OBJC_IMPLICIT_RETAIN_SELF = YES;
				CLANG_WARN_OBJC_LITERAL_CONVERSION = YES;
				CLANG_WARN_OBJC_ROOT_CLASS = YES_ERROR;
				CLANG_WARN_QUOTED_INCLUDE_IN_FRAMEWORK_HEADER = YES;
				CLANG_WARN_RANGE_LOOP_ANALYSIS = YES;
				CLANG_WARN_STRICT_PROTOTYPES = YES;
				CLANG_WARN_SUSPICIOUS_MOVE = YES;
				CLANG_WARN_UNGUARDED_AVAILABILITY = YES_AGGRESSIVE;
				CLANG_WARN_UNREACHABLE_CODE = YES;
				CLANG_WARN__DUPLICATE_METHOD_MATCH = YES;
				COPY_PHASE_STRIP = NO;
				DEBUG_INFORMATION_FORMAT = "dwarf-with-dsym";
				ENABLE_NS_ASSERTIONS = NO;
				ENABLE_STRICT_OBJC_MSGSEND = YES;
				GCC_C_LANGUAGE_STANDARD = gnu11;
				GCC_NO_COMMON_BLOCKS = YES;
				GCC_WARN_64_TO_32_BIT_CONVERSION = YES;
				GCC_WARN_ABOUT_RETURN_TYPE = YES_ERROR;
				GCC_WARN_UNDECLARED_SELECTOR = YES;
				GCC_WARN_UNINITIALIZED_AUTOS = YES_AGGRESSIVE;
				GCC_WARN_UNUSED_FUNCTION = YES;
				GCC_WARN_UNUSED_VARIABLE = YES;
				IPHONEOS_DEPLOYMENT_TARGET = 14.5;
				MTL_ENABLE_DEBUG_INFO = NO;
				MTL_FAST_MATH = YES;
				SDKROOT = iphoneos;
				SWIFT_COMPILATION_MODE = wholemodule;
				SWIFT_OPTIMIZATION_LEVEL = "-O";
				VALIDATE_PRODUCT = YES;
			};
			name = Release;
		};
		D7A4C55C26603CCF004F476D /* Debug */ = {
			isa = XCBuildConfiguration;
			buildSettings = {
				ASSETCATALOG_COMPILER_APPICON_NAME = AppIcon;
				ASSETCATALOG_COMPILER_GLOBAL_ACCENT_COLOR_NAME = AccentColor;
				CODE_SIGN_STYLE = Automatic;
				DEVELOPMENT_TEAM = F74ZL5Z8XL;
				INFOPLIST_FILE = DemoApp/Info.plist;
				IPHONEOS_DEPLOYMENT_TARGET = 14.3;
				LD_RUNPATH_SEARCH_PATHS = (
					"$(inherited)",
					"@executable_path/Frameworks",
				);
				PRODUCT_BUNDLE_IDENTIFIER = com.aordonez.personal.drinks;
				PRODUCT_NAME = "$(TARGET_NAME)";
				SWIFT_VERSION = 5.0;
				TARGETED_DEVICE_FAMILY = 1;
			};
			name = Debug;
		};
		D7A4C55D26603CCF004F476D /* Release */ = {
			isa = XCBuildConfiguration;
			buildSettings = {
				ASSETCATALOG_COMPILER_APPICON_NAME = AppIcon;
				ASSETCATALOG_COMPILER_GLOBAL_ACCENT_COLOR_NAME = AccentColor;
				CODE_SIGN_STYLE = Automatic;
				DEVELOPMENT_TEAM = F74ZL5Z8XL;
				INFOPLIST_FILE = DemoApp/Info.plist;
				IPHONEOS_DEPLOYMENT_TARGET = 14.3;
				LD_RUNPATH_SEARCH_PATHS = (
					"$(inherited)",
					"@executable_path/Frameworks",
				);
				PRODUCT_BUNDLE_IDENTIFIER = com.aordonez.personal.drinks;
				PRODUCT_NAME = "$(TARGET_NAME)";
				SWIFT_VERSION = 5.0;
				TARGETED_DEVICE_FAMILY = 1;
			};
			name = Release;
		};
		D7EEE085266F09C6001CA324 /* Debug */ = {
			isa = XCBuildConfiguration;
			buildSettings = {
				ASSETCATALOG_COMPILER_APPICON_NAME = AppIcon;
				ASSETCATALOG_COMPILER_GLOBAL_ACCENT_COLOR_NAME = AccentColor;
				CODE_SIGN_STYLE = Automatic;
				INFOPLIST_FILE = "DemoApp(Elm)/Info.plist";
				LD_RUNPATH_SEARCH_PATHS = (
					"$(inherited)",
					"@executable_path/Frameworks",
				);
				PRODUCT_BUNDLE_IDENTIFIER = "com.aordonez.drinks-Elm";
				PRODUCT_NAME = "$(TARGET_NAME)";
				SWIFT_VERSION = 5.0;
				TARGETED_DEVICE_FAMILY = 1;
			};
			name = Debug;
		};
		D7EEE086266F09C6001CA324 /* Release */ = {
			isa = XCBuildConfiguration;
			buildSettings = {
				ASSETCATALOG_COMPILER_APPICON_NAME = AppIcon;
				ASSETCATALOG_COMPILER_GLOBAL_ACCENT_COLOR_NAME = AccentColor;
				CODE_SIGN_STYLE = Automatic;
				INFOPLIST_FILE = "DemoApp(Elm)/Info.plist";
				LD_RUNPATH_SEARCH_PATHS = (
					"$(inherited)",
					"@executable_path/Frameworks",
				);
				PRODUCT_BUNDLE_IDENTIFIER = "com.aordonez.drinks-Elm";
				PRODUCT_NAME = "$(TARGET_NAME)";
				SWIFT_VERSION = 5.0;
				TARGETED_DEVICE_FAMILY = 1;
			};
			name = Release;
		};
		D7F0A7862664C2DD001C27F8 /* Debug */ = {
			isa = XCBuildConfiguration;
			buildSettings = {
				ASSETCATALOG_COMPILER_APPICON_NAME = AppIcon;
				ASSETCATALOG_COMPILER_GLOBAL_ACCENT_COLOR_NAME = AccentColor;
				CODE_SIGN_STYLE = Automatic;
				DEVELOPMENT_ASSET_PATHS = "\"DemoApp(SwiftUI)/Preview Content\"";
				DEVELOPMENT_TEAM = KAS53ZWBFV;
				ENABLE_PREVIEWS = YES;
				INFOPLIST_FILE = "DemoApp(SwiftUI)/Info.plist";
				IPHONEOS_DEPLOYMENT_TARGET = 14.0;
				LD_RUNPATH_SEARCH_PATHS = (
					"$(inherited)",
					"@executable_path/Frameworks",
				);
				PRODUCT_BUNDLE_IDENTIFIER = "com.aordonez.drinks-SwiftUI";
				PRODUCT_NAME = "$(TARGET_NAME)";
				SWIFT_VERSION = 5.0;
				TARGETED_DEVICE_FAMILY = 1;
			};
			name = Debug;
		};
		D7F0A7872664C2DD001C27F8 /* Release */ = {
			isa = XCBuildConfiguration;
			buildSettings = {
				ASSETCATALOG_COMPILER_APPICON_NAME = AppIcon;
				ASSETCATALOG_COMPILER_GLOBAL_ACCENT_COLOR_NAME = AccentColor;
				CODE_SIGN_STYLE = Automatic;
				DEVELOPMENT_ASSET_PATHS = "\"DemoApp(SwiftUI)/Preview Content\"";
				DEVELOPMENT_TEAM = KAS53ZWBFV;
				ENABLE_PREVIEWS = YES;
				INFOPLIST_FILE = "DemoApp(SwiftUI)/Info.plist";
				IPHONEOS_DEPLOYMENT_TARGET = 14.0;
				LD_RUNPATH_SEARCH_PATHS = (
					"$(inherited)",
					"@executable_path/Frameworks",
				);
				PRODUCT_BUNDLE_IDENTIFIER = "com.aordonez.drinks-SwiftUI";
				PRODUCT_NAME = "$(TARGET_NAME)";
				SWIFT_VERSION = 5.0;
				TARGETED_DEVICE_FAMILY = 1;
			};
			name = Release;
		};
/* End XCBuildConfiguration section */

/* Begin XCConfigurationList section */
		D7A4C54226603CCA004F476D /* Build configuration list for PBXProject "DemoApp" */ = {
			isa = XCConfigurationList;
			buildConfigurations = (
				D7A4C55926603CCF004F476D /* Debug */,
				D7A4C55A26603CCF004F476D /* Release */,
			);
			defaultConfigurationIsVisible = 0;
			defaultConfigurationName = Release;
		};
		D7A4C55B26603CCF004F476D /* Build configuration list for PBXNativeTarget "DemoApp" */ = {
			isa = XCConfigurationList;
			buildConfigurations = (
				D7A4C55C26603CCF004F476D /* Debug */,
				D7A4C55D26603CCF004F476D /* Release */,
			);
			defaultConfigurationIsVisible = 0;
			defaultConfigurationName = Release;
		};
		D7EEE084266F09C6001CA324 /* Build configuration list for PBXNativeTarget "DemoApp(Elm)" */ = {
			isa = XCConfigurationList;
			buildConfigurations = (
				D7EEE085266F09C6001CA324 /* Debug */,
				D7EEE086266F09C6001CA324 /* Release */,
			);
			defaultConfigurationIsVisible = 0;
			defaultConfigurationName = Release;
		};
		D7F0A7852664C2DD001C27F8 /* Build configuration list for PBXNativeTarget "DemoApp(SwiftUI)" */ = {
			isa = XCConfigurationList;
			buildConfigurations = (
				D7F0A7862664C2DD001C27F8 /* Debug */,
				D7F0A7872664C2DD001C27F8 /* Release */,
			);
			defaultConfigurationIsVisible = 0;
			defaultConfigurationName = Release;
		};
/* End XCConfigurationList section */

/* Begin XCRemoteSwiftPackageReference section */
		D79A35D8267726000069B68B /* XCRemoteSwiftPackageReference "realm-cocoa" */ = {
			isa = XCRemoteSwiftPackageReference;
			repositoryURL = "https://github.com/realm/realm-cocoa.git";
			requirement = {
				kind = upToNextMajorVersion;
				minimumVersion = 10.7.7;
			};
		};
		D7BA7DF526686CCD00728137 /* XCRemoteSwiftPackageReference "ImageLoader" */ = {
			isa = XCRemoteSwiftPackageReference;
			repositoryURL = "git@gitlab.com:alineOrdonez/ImageLoader.git";
			requirement = {
				kind = exactVersion;
				version = 1.0.0;
			};
		};
/* End XCRemoteSwiftPackageReference section */

/* Begin XCSwiftPackageProductDependency section */
		D79A35D9267726000069B68B /* Realm */ = {
			isa = XCSwiftPackageProductDependency;
			package = D79A35D8267726000069B68B /* XCRemoteSwiftPackageReference "realm-cocoa" */;
			productName = Realm;
		};
		D79A35DB267726000069B68B /* RealmSwift */ = {
			isa = XCSwiftPackageProductDependency;
			package = D79A35D8267726000069B68B /* XCRemoteSwiftPackageReference "realm-cocoa" */;
			productName = RealmSwift;
		};
		D7BA7E0E2668AB9300728137 /* ImageLoader */ = {
			isa = XCSwiftPackageProductDependency;
			package = D7BA7DF526686CCD00728137 /* XCRemoteSwiftPackageReference "ImageLoader" */;
			productName = ImageLoader;
		};
/* End XCSwiftPackageProductDependency section */

/* Begin XCVersionGroup section */
		D7A6DAB126798C8F00A2DBC4 /* CoreDataModel.xcdatamodeld */ = {
			isa = XCVersionGroup;
			children = (
				D7A6DAB226798C8F00A2DBC4 /* CoreDataModel.xcdatamodel */,
			);
			currentVersion = D7A6DAB226798C8F00A2DBC4 /* CoreDataModel.xcdatamodel */;
			path = CoreDataModel.xcdatamodeld;
			sourceTree = "<group>";
			versionGroupType = wrapper.xcdatamodel;
		};
/* End XCVersionGroup section */
	};
	rootObject = D7A4C53F26603CCA004F476D /* Project object */;
}
